
Microsoft Visual Studio Solution File, Format Version 12.00
# Visual Studio Version 16
VisualStudioVersion = 16.0.30907.101
MinimumVisualStudioVersion = 10.0.40219.1
Project("{FAE04EC0-301F-11D3-BF4B-00C04F79EFBC}") = "RomanCalculatorApp", "RomanCalculatorApp\RomanCalculatorApp.csproj", "{00C3CEB6-6EEA-47B4-84F1-5E42A776811F}"
EndProject
Global
	GlobalSection(SolutionConfigurationPlatforms) = preSolution
		Debug|Any CPU = Debug|Any CPU
		Release|Any CPU = Release|Any CPU
	EndGlobalSection
	GlobalSection(ProjectConfigurationPlatforms) = postSolution
		{00C3CEB6-6EEA-47B4-84F1-5E42A776811F}.Debug|Any CPU.ActiveCfg = Debug|Any CPU
		{00C3CEB6-6EEA-47B4-84F1-5E42A776811F}.Debug|Any CPU.Build.0 = Debug|Any CPU
		{00C3CEB6-6EEA-47B4-84F1-5E42A776811F}.Release|Any CPU.ActiveCfg = Release|Any CPU
		{00C3CEB6-6EEA-47B4-84F1-5E42A776811F}.Release|Any CPU.Build.0 = Release|Any CPU
	EndGlobalSection
	GlobalSection(SolutionProperties) = preSolution
		HideSolutionNode = FALSE
	EndGlobalSection
	GlobalSection(ExtensibilityGlobals) = postSolution
		SolutionGuid = {B3DEC4E3-9A18-4CFD-ABEF-0A2A1C7F8B9C}
	EndGlobalSection
EndGlobal
